%{"bunt": {:hex, :bunt, "0.1.5", "c378ea1698232597d3778e4b83234dcea4a60e7c28114b0fe53657a2c0d8885e", [:mix], []},
  "certifi": {:hex, :certifi, "0.3.0", "389d4b126a47895fe96d65fcf8681f4d09eca1153dc2243ed6babad0aac1e763", [:rebar3], []},
  "combine": {:hex, :combine, "0.7.0", "2ac6ae852a9835fe8189af18121cddd5bed2677f5df706dc0d208af668ab845d", [:mix], []},
  "connection": {:hex, :connection, "1.0.2", "f4a06dd3ecae4141aa66f94ce92ea4c4b8753069472814932f1cadbc3078ab80", [:mix], []},
  "coverex": {:hex, :coverex, "1.4.8", "d8d1ec3c3f527b3b94c6b38251d495e4df965bcc3c368a7e572ec27f8c79beee", [:mix], [{:poison, "~> 1.5", [hex: :poison, optional: false]}, {:httpoison, "~> 0.8", [hex: :httpoison, optional: false]}]},
  "credo": {:hex, :credo, "0.3.13", "90d2d2deb9d376bb2a63f81126a320c3920ce65acb1294982ab49a8aacc7d89f", [:mix], [{:bunt, "~> 0.1.4", [hex: :bunt, optional: false]}]},
  "earmark": {:hex, :earmark, "0.1.19", "ffec54f520a11b711532c23d8a52b75a74c09697062d10613fa2dbdf8a9db36e", [:mix], []},
  "ex_doc": {:hex, :ex_doc, "0.8.4", "c74a30b09627ff22a2bb7f75d3b75dec3aedb2bd434bb3009a73a40425c2315d", [:mix], [{:earmark, "~> 0.1.17 or ~> 0.2", [hex: :earmark, optional: true]}]},
  "gettext": {:hex, :gettext, "0.10.0", "b6f9a72be494ad84ccbfaf7349150ef319b9a5a2b634e4d3ccf70bd59e1e4178", [:mix], []},
  "hackney": {:hex, :hackney, "1.4.10", "7da877a7388a8bcc7d71253d4a38103c955333dd470a3af5e47fa1ad8d5e3c23", [:rebar3], [{:ssl_verify_hostname, "1.0.5", [hex: :ssl_verify_hostname, optional: false]}, {:mimerl, "1.0.2", [hex: :mimerl, optional: false]}, {:idna, "1.1.0", [hex: :idna, optional: false]}, {:certifi, "0.3.0", [hex: :certifi, optional: false]}]},
  "httpoison": {:hex, :httpoison, "0.8.1", "5b706be2b0af81d1a3870479a2e1b925517c2a64316f70c6cc8aceac9e55f695", [:mix], [{:hackney, "~> 1.4.4", [hex: :hackney, optional: false]}]},
  "idna": {:hex, :idna, "1.1.0", "b4315c6da1c37dc8ab1df3ed18796ecd5172c4165fb886f43732ce598d145b50", [:rebar3], []},
  "meck": {:hex, :meck, "0.8.4", "59ca1cd971372aa223138efcf9b29475bde299e1953046a0c727184790ab1520", [:rebar, :make], []},
  "mimerl": {:hex, :mimerl, "1.0.2", "993f9b0e084083405ed8252b99460c4f0563e41729ab42d9074fd5e52439be88", [:rebar3], []},
  "poison": {:hex, :poison, "1.5.2", "560bdfb7449e3ddd23a096929fb9fc2122f709bcc758b2d5d5a5c7d0ea848910", [:mix], []},
  "poolboy": {:hex, :poolboy, "1.5.1", "6b46163901cfd0a1b43d692657ed9d7e599853b3b21b95ae5ae0a777cf9b6ca8", [:rebar], []},
  "redix": {:hex, :redix, "0.3.4", "0dccc6596e3f58812abdfac22678c83d033cec90fc04828257c76c2a16a8bbba", [:mix], [{:connection, "~> 1.0.0", [hex: :connection, optional: false]}]},
  "ssl_verify_hostname": {:hex, :ssl_verify_hostname, "1.0.5", "2e73e068cd6393526f9fa6d399353d7c9477d6886ba005f323b592d389fb47be", [:make], []},
  "timex": {:hex, :timex, "2.1.4", "17100f0d47473fe05423084039b8f3de9d63617b66d8db676e24a4221216db61", [:mix], [{:tzdata, "~> 0.1.8 or ~> 0.5", [hex: :tzdata, optional: false]}, {:gettext, "~> 0.10", [hex: :gettext, optional: false]}, {:combine, "~> 0.7", [hex: :combine, optional: false]}]},
  "tzdata": {:hex, :tzdata, "0.5.7", "10a4176023c2b294f1bbb98594a646ef25d658ca507b2da20a5952072d6080c4", [:mix], [{:hackney, "~> 1.0", [hex: :hackney, optional: false]}]},
  "watcher": {:hex, :watcher, "1.0.0", "0d9a43d0f1f3997b75775fc873dfb29437b8e3c5fb6bdcb8feaa5eedc7ee9cf6", [:mix], []}}
