%{
  "confex": {:hex, :confex, "3.3.1", "8febaf751bf293a16a1ed2cbd258459cdcc7ca53cfa61d3f83d49dd276a992b4", [:mix], [], "hexpm"},
  "connection": {:hex, :connection, "1.0.4", "a1cae72211f0eef17705aaededacac3eb30e6625b04a6117c1b2db6ace7d5976", [], [], "hexpm"},
  "gen_stage": {:hex, :gen_stage, "0.12.2", "e0e347cbb1ceb5f4e68a526aec4d64b54ad721f0a8b30aa9d28e0ad749419cbb", [:mix], [], "hexpm"},
  "jason": {:hex, :jason, "1.1.2", "b03dedea67a99223a2eaf9f1264ce37154564de899fd3d8b9a21b1a6fd64afe7", [:mix], [{:decimal, "~> 1.0", [hex: :decimal, repo: "hexpm", optional: true]}], "hexpm"},
  "poison": {:hex, :poison, "3.1.0", "d9eb636610e096f86f25d9a46f35a9facac35609a7591b3be3326e99a0484665", [], [], "hexpm"},
  "poolboy": {:hex, :poolboy, "1.5.1", "6b46163901cfd0a1b43d692657ed9d7e599853b3b21b95ae5ae0a777cf9b6ca8", [:rebar], [], "hexpm"},
  "redix": {:hex, :redix, "0.10.2", "a9eabf47898aa878650df36194aeb63966d74f5bd69d9caa37babb32dbb93c5d", [:mix], [{:telemetry, "~> 0.4.0", [hex: :telemetry, repo: "hexpm", optional: false]}], "hexpm"},
  "telemetry": {:hex, :telemetry, "0.4.0", "8339bee3fa8b91cb84d14c2935f8ecf399ccd87301ad6da6b71c09553834b2ab", [:rebar3], [], "hexpm"},
}
